// !$*UTF8*$!
{
	archiveVersion = 1;
	classes = {
	};
	objectVersion = 56;
	objects = {

/* Begin PBXBuildFile section */
		237F63D42BB80D1D00BA815D /* OrderView.swift in Sources */ = {isa = PBXBuildFile; fileRef = 237F63D32BB80D1D00BA815D /* OrderView.swift */; };
		237F63D72BB814B300BA815D /* Numeric+Extension.swift in Sources */ = {isa = PBXBuildFile; fileRef = 237F63D62BB814B300BA815D /* Numeric+Extension.swift */; };
		23ACC08A2BAAD55900AAA5D8 /* JupleApp.swift in Sources */ = {isa = PBXBuildFile; fileRef = 23ACC0892BAAD55900AAA5D8 /* JupleApp.swift */; };
		23ACC08C2BAAD55900AAA5D8 /* WalletView.swift in Sources */ = {isa = PBXBuildFile; fileRef = 23ACC08B2BAAD55900AAA5D8 /* WalletView.swift */; };
		23ACC08E2BAAD56D00AAA5D8 /* Assets.xcassets in Resources */ = {isa = PBXBuildFile; fileRef = 23ACC08D2BAAD56D00AAA5D8 /* Assets.xcassets */; };
		23ACC0912BAAD56D00AAA5D8 /* Preview Assets.xcassets in Resources */ = {isa = PBXBuildFile; fileRef = 23ACC0902BAAD56D00AAA5D8 /* Preview Assets.xcassets */; };
		23ACC09B2BB3C56800AAA5D8 /* CoinlistView.swift in Sources */ = {isa = PBXBuildFile; fileRef = 23ACC09A2BB3C56800AAA5D8 /* CoinlistView.swift */; };
		23ACC09D2BB3EFEB00AAA5D8 /* WalletModel.swift in Sources */ = {isa = PBXBuildFile; fileRef = 23ACC09C2BB3EFEB00AAA5D8 /* WalletModel.swift */; };
		23ACC0A12BB3F38800AAA5D8 /* APIManager.swift in Sources */ = {isa = PBXBuildFile; fileRef = 23ACC0A02BB3F38800AAA5D8 /* APIManager.swift */; };
		23ACC0A42BB3F5B000AAA5D8 /* CoinlistViewModel.swift in Sources */ = {isa = PBXBuildFile; fileRef = 23ACC0A32BB3F5B000AAA5D8 /* CoinlistViewModel.swift */; };
		23ACC0A62BB4026E00AAA5D8 /* Market.swift in Sources */ = {isa = PBXBuildFile; fileRef = 23ACC0A52BB4026E00AAA5D8 /* Market.swift */; };
		23ACC0AA2BB55E2B00AAA5D8 /* SegmentedView.swift in Sources */ = {isa = PBXBuildFile; fileRef = 23ACC0A92BB55E2B00AAA5D8 /* SegmentedView.swift */; };
		23ACC0AD2BB55E6A00AAA5D8 /* SegmentTitle+Enum.swift in Sources */ = {isa = PBXBuildFile; fileRef = 23ACC0AC2BB55E6A00AAA5D8 /* SegmentTitle+Enum.swift */; };
		23ACC0AF2BBD516F00AAA5D8 /* WebSocketManager.swift in Sources */ = {isa = PBXBuildFile; fileRef = 23ACC0AE2BBD516F00AAA5D8 /* WebSocketManager.swift */; };
		23ACC0B12BBD516F00AAA5D8 /* Ticker.swift in Sources */ = {isa = PBXBuildFile; fileRef = 23ACC0B02BBD516F00AAA5D8 /* Ticker.swift */; };
/* End PBXBuildFile section */

/* Begin PBXFileReference section */
		237F63D32BB80D1D00BA815D /* OrderView.swift */ = {isa = PBXFileReference; lastKnownFileType = sourcecode.swift; path = OrderView.swift; sourceTree = "<group>"; };
		237F63D62BB814B300BA815D /* Numeric+Extension.swift */ = {isa = PBXFileReference; lastKnownFileType = sourcecode.swift; path = "Numeric+Extension.swift"; sourceTree = "<group>"; };
		23ACC0862BAAD55900AAA5D8 /* Juple.app */ = {isa = PBXFileReference; explicitFileType = wrapper.application; includeInIndex = 0; path = Juple.app; sourceTree = BUILT_PRODUCTS_DIR; };
		23ACC0892BAAD55900AAA5D8 /* JupleApp.swift */ = {isa = PBXFileReference; lastKnownFileType = sourcecode.swift; path = JupleApp.swift; sourceTree = "<group>"; };
		23ACC08B2BAAD55900AAA5D8 /* WalletView.swift */ = {isa = PBXFileReference; lastKnownFileType = sourcecode.swift; path = WalletView.swift; sourceTree = "<group>"; };
		23ACC08D2BAAD56D00AAA5D8 /* Assets.xcassets */ = {isa = PBXFileReference; lastKnownFileType = folder.assetcatalog; path = Assets.xcassets; sourceTree = "<group>"; };
		23ACC0902BAAD56D00AAA5D8 /* Preview Assets.xcassets */ = {isa = PBXFileReference; lastKnownFileType = folder.assetcatalog; path = "Preview Assets.xcassets"; sourceTree = "<group>"; };
		23ACC09A2BB3C56800AAA5D8 /* CoinlistView.swift */ = {isa = PBXFileReference; lastKnownFileType = sourcecode.swift; path = CoinlistView.swift; sourceTree = "<group>"; };
		23ACC09C2BB3EFEB00AAA5D8 /* WalletModel.swift */ = {isa = PBXFileReference; lastKnownFileType = sourcecode.swift; path = WalletModel.swift; sourceTree = "<group>"; };
		23ACC0A02BB3F38800AAA5D8 /* APIManager.swift */ = {isa = PBXFileReference; lastKnownFileType = sourcecode.swift; path = APIManager.swift; sourceTree = "<group>"; };
		23ACC0A32BB3F5B000AAA5D8 /* CoinlistViewModel.swift */ = {isa = PBXFileReference; lastKnownFileType = sourcecode.swift; path = CoinlistViewModel.swift; sourceTree = "<group>"; };
		23ACC0A52BB4026E00AAA5D8 /* Market.swift */ = {isa = PBXFileReference; lastKnownFileType = sourcecode.swift; path = Market.swift; sourceTree = "<group>"; };
		23ACC0A92BB55E2B00AAA5D8 /* SegmentedView.swift */ = {isa = PBXFileReference; lastKnownFileType = sourcecode.swift; path = SegmentedView.swift; sourceTree = "<group>"; };
		23ACC0AC2BB55E6A00AAA5D8 /* SegmentTitle+Enum.swift */ = {isa = PBXFileReference; lastKnownFileType = sourcecode.swift; path = "SegmentTitle+Enum.swift"; sourceTree = "<group>"; };
		23ACC0AE2BBD516F00AAA5D8 /* WebSocketManager.swift */ = {isa = PBXFileReference; lastKnownFileType = sourcecode.swift; path = WebSocketManager.swift; sourceTree = "<group>"; };
		23ACC0B02BBD516F00AAA5D8 /* Ticker.swift */ = {isa = PBXFileReference; lastKnownFileType = sourcecode.swift; path = Ticker.swift; sourceTree = "<group>"; };
/* End PBXFileReference section */

/* Begin PBXFrameworksBuildPhase section */
		23ACC0832BAAD55900AAA5D8 /* Frameworks */ = {
			isa = PBXFrameworksBuildPhase;
			buildActionMask = 2147483647;
			files = (
			);
			runOnlyForDeploymentPostprocessing = 0;
		};
/* End PBXFrameworksBuildPhase section */

/* Begin PBXGroup section */
		237F63D22BB80CBB00BA815D /* Order */ = {
			isa = PBXGroup;
			children = (
				237F63D32BB80D1D00BA815D /* OrderView.swift */,
			);
			path = Order;
			sourceTree = "<group>";
		};
		237F63D52BB8148500BA815D /* Extension */ = {
			isa = PBXGroup;
			children = (
				237F63D62BB814B300BA815D /* Numeric+Extension.swift */,
			);
			path = Extension;
			sourceTree = "<group>";
		};
		23ACC07D2BAAD55900AAA5D8 = {
			isa = PBXGroup;
			children = (
				23ACC0882BAAD55900AAA5D8 /* Juple */,
				23ACC0872BAAD55900AAA5D8 /* Products */,
			);
			sourceTree = "<group>";
		};
		23ACC0872BAAD55900AAA5D8 /* Products */ = {
			isa = PBXGroup;
			children = (
				23ACC0862BAAD55900AAA5D8 /* Juple.app */,
			);
			name = Products;
			sourceTree = "<group>";
		};
		23ACC0882BAAD55900AAA5D8 /* Juple */ = {
			isa = PBXGroup;
			children = (
				23ACC0892BAAD55900AAA5D8 /* JupleApp.swift */,
				23ACC0AB2BB55E5400AAA5D8 /* Enum */,
				237F63D52BB8148500BA815D /* Extension */,
				23ACC09F2BB3F22700AAA5D8 /* Network */,
				23ACC0A82BB55E0300AAA5D8 /* CustomView */,
				23ACC0992BB3C52D00AAA5D8 /* Scene */,
				23ACC08D2BAAD56D00AAA5D8 /* Assets.xcassets */,
				23ACC08F2BAAD56D00AAA5D8 /* Preview Content */,
			);
			path = Juple;
			sourceTree = "<group>";
		};
		23ACC08F2BAAD56D00AAA5D8 /* Preview Content */ = {
			isa = PBXGroup;
			children = (
				23ACC0902BAAD56D00AAA5D8 /* Preview Assets.xcassets */,
			);
			path = "Preview Content";
			sourceTree = "<group>";
		};
		23ACC0992BB3C52D00AAA5D8 /* Scene */ = {
			isa = PBXGroup;
			children = (
				23ACC09E2BB3EFF100AAA5D8 /* Wallet */,
				237F63D22BB80CBB00BA815D /* Order */,
			);
			path = Scene;
			sourceTree = "<group>";
		};
		23ACC09E2BB3EFF100AAA5D8 /* Wallet */ = {
			isa = PBXGroup;
			children = (
				23ACC08B2BAAD55900AAA5D8 /* WalletView.swift */,
				23ACC09C2BB3EFEB00AAA5D8 /* WalletModel.swift */,
				23ACC0A22BB3F59E00AAA5D8 /* Coinlist */,
			);
			path = Wallet;
			sourceTree = "<group>";
		};
		23ACC09F2BB3F22700AAA5D8 /* Network */ = {
			isa = PBXGroup;
			children = (
				23ACC0A72BB4028400AAA5D8 /* Model */,
				23ACC0A02BB3F38800AAA5D8 /* APIManager.swift */,
				23ACC0AE2BBD516F00AAA5D8 /* WebSocketManager.swift */,
			);
			path = Network;
			sourceTree = "<group>";
		};
		23ACC0A22BB3F59E00AAA5D8 /* Coinlist */ = {
			isa = PBXGroup;
			children = (
				23ACC09A2BB3C56800AAA5D8 /* CoinlistView.swift */,
				23ACC0A32BB3F5B000AAA5D8 /* CoinlistViewModel.swift */,
			);
			path = Coinlist;
			sourceTree = "<group>";
		};
		23ACC0A72BB4028400AAA5D8 /* Model */ = {
			isa = PBXGroup;
			children = (
				23ACC0A52BB4026E00AAA5D8 /* Market.swift */,
				23ACC0B02BBD516F00AAA5D8 /* Ticker.swift */,
			);
			path = Model;
			sourceTree = "<group>";
		};
		23ACC0A82BB55E0300AAA5D8 /* CustomView */ = {
			isa = PBXGroup;
			children = (
				23ACC0A92BB55E2B00AAA5D8 /* SegmentedView.swift */,
			);
			path = CustomView;
			sourceTree = "<group>";
		};
		23ACC0AB2BB55E5400AAA5D8 /* Enum */ = {
			isa = PBXGroup;
			children = (
				23ACC0AC2BB55E6A00AAA5D8 /* SegmentTitle+Enum.swift */,
			);
			path = Enum;
			sourceTree = "<group>";
		};
/* End PBXGroup section */

/* Begin PBXNativeTarget section */
		23ACC0852BAAD55900AAA5D8 /* Juple */ = {
			isa = PBXNativeTarget;
			buildConfigurationList = 23ACC0942BAAD56D00AAA5D8 /* Build configuration list for PBXNativeTarget "Juple" */;
			buildPhases = (
				23ACC0822BAAD55900AAA5D8 /* Sources */,
				23ACC0832BAAD55900AAA5D8 /* Frameworks */,
				23ACC0842BAAD55900AAA5D8 /* Resources */,
			);
			buildRules = (
			);
			dependencies = (
			);
			name = Juple;
			productName = Juple;
			productReference = 23ACC0862BAAD55900AAA5D8 /* Juple.app */;
			productType = "com.apple.product-type.application";
		};
/* End PBXNativeTarget section */

/* Begin PBXProject section */
		23ACC07E2BAAD55900AAA5D8 /* Project object */ = {
			isa = PBXProject;
			attributes = {
				BuildIndependentTargetsInParallel = 1;
				LastSwiftUpdateCheck = 1500;
				LastUpgradeCheck = 1500;
				TargetAttributes = {
					23ACC0852BAAD55900AAA5D8 = {
						CreatedOnToolsVersion = 15.0.1;
					};
				};
			};
			buildConfigurationList = 23ACC0812BAAD55900AAA5D8 /* Build configuration list for PBXProject "Juple" */;
			compatibilityVersion = "Xcode 14.0";
			developmentRegion = en;
			hasScannedForEncodings = 0;
			knownRegions = (
				en,
				Base,
			);
			mainGroup = 23ACC07D2BAAD55900AAA5D8;
			productRefGroup = 23ACC0872BAAD55900AAA5D8 /* Products */;
			projectDirPath = "";
			projectRoot = "";
			targets = (
				23ACC0852BAAD55900AAA5D8 /* Juple */,
			);
		};
/* End PBXProject section */

/* Begin PBXResourcesBuildPhase section */
		23ACC0842BAAD55900AAA5D8 /* Resources */ = {
			isa = PBXResourcesBuildPhase;
			buildActionMask = 2147483647;
			files = (
				23ACC0912BAAD56D00AAA5D8 /* Preview Assets.xcassets in Resources */,
				23ACC08E2BAAD56D00AAA5D8 /* Assets.xcassets in Resources */,
			);
			runOnlyForDeploymentPostprocessing = 0;
		};
/* End PBXResourcesBuildPhase section */

/* Begin PBXSourcesBuildPhase section */
		23ACC0822BAAD55900AAA5D8 /* Sources */ = {
			isa = PBXSourcesBuildPhase;
			buildActionMask = 2147483647;
			files = (
				23ACC08C2BAAD55900AAA5D8 /* WalletView.swift in Sources */,
				23ACC0AF2BBD516F00AAA5D8 /* WebSocketManager.swift in Sources */,
				23ACC08A2BAAD55900AAA5D8 /* JupleApp.swift in Sources */,
				23ACC0A62BB4026E00AAA5D8 /* Market.swift in Sources */,
				237F63D72BB814B300BA815D /* Numeric+Extension.swift in Sources */,
				23ACC0A12BB3F38800AAA5D8 /* APIManager.swift in Sources */,
				23ACC0A42BB3F5B000AAA5D8 /* CoinlistViewModel.swift in Sources */,
				23ACC0B12BBD516F00AAA5D8 /* Ticker.swift in Sources */,
				23ACC0AD2BB55E6A00AAA5D8 /* SegmentTitle+Enum.swift in Sources */,
				23ACC0AA2BB55E2B00AAA5D8 /* SegmentedView.swift in Sources */,
				237F63D42BB80D1D00BA815D /* OrderView.swift in Sources */,
				23ACC09D2BB3EFEB00AAA5D8 /* WalletModel.swift in Sources */,
				23ACC09B2BB3C56800AAA5D8 /* CoinlistView.swift in Sources */,
			);
			runOnlyForDeploymentPostprocessing = 0;
		};
/* End PBXSourcesBuildPhase section */

/* Begin XCBuildConfiguration section */
		23ACC0922BAAD56D00AAA5D8 /* Debug */ = {
			isa = XCBuildConfiguration;
			buildSettings = {
				ALWAYS_SEARCH_USER_PATHS = NO;
				ASSETCATALOG_COMPILER_GENERATE_SWIFT_ASSET_SYMBOL_EXTENSIONS = YES;
				CLANG_ANALYZER_NONNULL = YES;
				CLANG_ANALYZER_NUMBER_OBJECT_CONVERSION = YES_AGGRESSIVE;
				CLANG_CXX_LANGUAGE_STANDARD = "gnu++20";
				CLANG_ENABLE_MODULES = YES;
				CLANG_ENABLE_OBJC_ARC = YES;
				CLANG_ENABLE_OBJC_WEAK = YES;
				CLANG_WARN_BLOCK_CAPTURE_AUTORELEASING = YES;
				CLANG_WARN_BOOL_CONVERSION = YES;
				CLANG_WARN_COMMA = YES;
				CLANG_WARN_CONSTANT_CONVERSION = YES;
				CLANG_WARN_DEPRECATED_OBJC_IMPLEMENTATIONS = YES;
				CLANG_WARN_DIRECT_OBJC_ISA_USAGE = YES_ERROR;
				CLANG_WARN_DOCUMENTATION_COMMENTS = YES;
				CLANG_WARN_EMPTY_BODY = YES;
				CLANG_WARN_ENUM_CONVERSION = YES;
				CLANG_WARN_INFINITE_RECURSION = YES;
				CLANG_WARN_INT_CONVERSION = YES;
				CLANG_WARN_NON_LITERAL_NULL_CONVERSION = YES;
				CLANG_WARN_OBJC_IMPLICIT_RETAIN_SELF = YES;
				CLANG_WARN_OBJC_LITERAL_CONVERSION = YES;
				CLANG_WARN_OBJC_ROOT_CLASS = YES_ERROR;
				CLANG_WARN_QUOTED_INCLUDE_IN_FRAMEWORK_HEADER = YES;
				CLANG_WARN_RANGE_LOOP_ANALYSIS = YES;
				CLANG_WARN_STRICT_PROTOTYPES = YES;
				CLANG_WARN_SUSPICIOUS_MOVE = YES;
				CLANG_WARN_UNGUARDED_AVAILABILITY = YES_AGGRESSIVE;
				CLANG_WARN_UNREACHABLE_CODE = YES;
				CLANG_WARN__DUPLICATE_METHOD_MATCH = YES;
				COPY_PHASE_STRIP = NO;
				DEBUG_INFORMATION_FORMAT = dwarf;
				ENABLE_STRICT_OBJC_MSGSEND = YES;
				ENABLE_TESTABILITY = YES;
				ENABLE_USER_SCRIPT_SANDBOXING = YES;
				GCC_C_LANGUAGE_STANDARD = gnu17;
				GCC_DYNAMIC_NO_PIC = NO;
				GCC_NO_COMMON_BLOCKS = YES;
				GCC_OPTIMIZATION_LEVEL = 0;
				GCC_PREPROCESSOR_DEFINITIONS = (
					"DEBUG=1",
					"$(inherited)",
				);
				GCC_WARN_64_TO_32_BIT_CONVERSION = YES;
				GCC_WARN_ABOUT_RETURN_TYPE = YES_ERROR;
				GCC_WARN_UNDECLARED_SELECTOR = YES;
				GCC_WARN_UNINITIALIZED_AUTOS = YES_AGGRESSIVE;
				GCC_WARN_UNUSED_FUNCTION = YES;
				GCC_WARN_UNUSED_VARIABLE = YES;
				IPHONEOS_DEPLOYMENT_TARGET = 17.0;
				LOCALIZATION_PREFERS_STRING_CATALOGS = YES;
				MTL_ENABLE_DEBUG_INFO = INCLUDE_SOURCE;
				MTL_FAST_MATH = YES;
				ONLY_ACTIVE_ARCH = YES;
				SDKROOT = iphoneos;
				SWIFT_ACTIVE_COMPILATION_CONDITIONS = "DEBUG $(inherited)";
				SWIFT_OPTIMIZATION_LEVEL = "-Onone";
			};
			name = Debug;
		};
		23ACC0932BAAD56D00AAA5D8 /* Release */ = {
			isa = XCBuildConfiguration;
			buildSettings = {
				ALWAYS_SEARCH_USER_PATHS = NO;
				ASSETCATALOG_COMPILER_GENERATE_SWIFT_ASSET_SYMBOL_EXTENSIONS = YES;
				CLANG_ANALYZER_NONNULL = YES;
				CLANG_ANALYZER_NUMBER_OBJECT_CONVERSION = YES_AGGRESSIVE;
				CLANG_CXX_LANGUAGE_STANDARD = "gnu++20";
				CLANG_ENABLE_MODULES = YES;
				CLANG_ENABLE_OBJC_ARC = YES;
				CLANG_ENABLE_OBJC_WEAK = YES;
				CLANG_WARN_BLOCK_CAPTURE_AUTORELEASING = YES;
				CLANG_WARN_BOOL_CONVERSION = YES;
				CLANG_WARN_COMMA = YES;
				CLANG_WARN_CONSTANT_CONVERSION = YES;
				CLANG_WARN_DEPRECATED_OBJC_IMPLEMENTATIONS = YES;
				CLANG_WARN_DIRECT_OBJC_ISA_USAGE = YES_ERROR;
				CLANG_WARN_DOCUMENTATION_COMMENTS = YES;
				CLANG_WARN_EMPTY_BODY = YES;
				CLANG_WARN_ENUM_CONVERSION = YES;
				CLANG_WARN_INFINITE_RECURSION = YES;
				CLANG_WARN_INT_CONVERSION = YES;
				CLANG_WARN_NON_LITERAL_NULL_CONVERSION = YES;
				CLANG_WARN_OBJC_IMPLICIT_RETAIN_SELF = YES;
				CLANG_WARN_OBJC_LITERAL_CONVERSION = YES;
				CLANG_WARN_OBJC_ROOT_CLASS = YES_ERROR;
				CLANG_WARN_QUOTED_INCLUDE_IN_FRAMEWORK_HEADER = YES;
				CLANG_WARN_RANGE_LOOP_ANALYSIS = YES;
				CLANG_WARN_STRICT_PROTOTYPES = YES;
				CLANG_WARN_SUSPICIOUS_MOVE = YES;
				CLANG_WARN_UNGUARDED_AVAILABILITY = YES_AGGRESSIVE;
				CLANG_WARN_UNREACHABLE_CODE = YES;
				CLANG_WARN__DUPLICATE_METHOD_MATCH = YES;
				COPY_PHASE_STRIP = NO;
				DEBUG_INFORMATION_FORMAT = "dwarf-with-dsym";
				ENABLE_NS_ASSERTIONS = NO;
				ENABLE_STRICT_OBJC_MSGSEND = YES;
				ENABLE_USER_SCRIPT_SANDBOXING = YES;
				GCC_C_LANGUAGE_STANDARD = gnu17;
				GCC_NO_COMMON_BLOCKS = YES;
				GCC_WARN_64_TO_32_BIT_CONVERSION = YES;
				GCC_WARN_ABOUT_RETURN_TYPE = YES_ERROR;
				GCC_WARN_UNDECLARED_SELECTOR = YES;
				GCC_WARN_UNINITIALIZED_AUTOS = YES_AGGRESSIVE;
				GCC_WARN_UNUSED_FUNCTION = YES;
				GCC_WARN_UNUSED_VARIABLE = YES;
				IPHONEOS_DEPLOYMENT_TARGET = 17.0;
				LOCALIZATION_PREFERS_STRING_CATALOGS = YES;
				MTL_ENABLE_DEBUG_INFO = NO;
				MTL_FAST_MATH = YES;
				SDKROOT = iphoneos;
				SWIFT_COMPILATION_MODE = wholemodule;
				VALIDATE_PRODUCT = YES;
			};
			name = Release;
		};
		23ACC0952BAAD56D00AAA5D8 /* Debug */ = {
			isa = XCBuildConfiguration;
			buildSettings = {
				ASSETCATALOG_COMPILER_APPICON_NAME = AppIcon;
				ASSETCATALOG_COMPILER_GLOBAL_ACCENT_COLOR_NAME = AccentColor;
				CODE_SIGN_STYLE = Automatic;
				CURRENT_PROJECT_VERSION = 1;
				DEVELOPMENT_ASSET_PATHS = "\"Juple/Preview Content\"";
				DEVELOPMENT_TEAM = XG2N7C4BNF;
				ENABLE_PREVIEWS = YES;
				GENERATE_INFOPLIST_FILE = YES;
				INFOPLIST_KEY_UIApplicationSceneManifest_Generation = YES;
				INFOPLIST_KEY_UIApplicationSupportsIndirectInputEvents = YES;
				INFOPLIST_KEY_UILaunchScreen_Generation = YES;
				INFOPLIST_KEY_UISupportedInterfaceOrientations = UIInterfaceOrientationPortrait;
				INFOPLIST_KEY_UISupportedInterfaceOrientations_iPad = "UIInterfaceOrientationLandscapeLeft UIInterfaceOrientationLandscapeRight UIInterfaceOrientationPortrait UIInterfaceOrientationPortraitUpsideDown";
				IPHONEOS_DEPLOYMENT_TARGET = 16.0;
				LD_RUNPATH_SEARCH_PATHS = (
					"$(inherited)",
					"@executable_path/Frameworks",
				);
				MARKETING_VERSION = 1.0;
				PRODUCT_BUNDLE_IDENTIFIER = com.sojinpark.Juple;
				PRODUCT_NAME = "$(TARGET_NAME)";
				SUPPORTED_PLATFORMS = "iphoneos iphonesimulator";
				SUPPORTS_MACCATALYST = NO;
				SUPPORTS_MAC_DESIGNED_FOR_IPHONE_IPAD = NO;
				SWIFT_EMIT_LOC_STRINGS = YES;
				SWIFT_VERSION = 5.0;
				TARGETED_DEVICE_FAMILY = 1;
			};
			name = Debug;
		};
		23ACC0962BAAD56D00AAA5D8 /* Release */ = {
			isa = XCBuildConfiguration;
			buildSettings = {
				ASSETCATALOG_COMPILER_APPICON_NAME = AppIcon;
				ASSETCATALOG_COMPILER_GLOBAL_ACCENT_COLOR_NAME = AccentColor;
				CODE_SIGN_STYLE = Automatic;
				CURRENT_PROJECT_VERSION = 1;
				DEVELOPMENT_ASSET_PATHS = "\"Juple/Preview Content\"";
				DEVELOPMENT_TEAM = XG2N7C4BNF;
				ENABLE_PREVIEWS = YES;
				GENERATE_INFOPLIST_FILE = YES;
				INFOPLIST_KEY_UIApplicationSceneManifest_Generation = YES;
				INFOPLIST_KEY_UIApplicationSupportsIndirectInputEvents = YES;
				INFOPLIST_KEY_UILaunchScreen_Generation = YES;
				INFOPLIST_KEY_UISupportedInterfaceOrientations = UIInterfaceOrientationPortrait;
				INFOPLIST_KEY_UISupportedInterfaceOrientations_iPad = "UIInterfaceOrientationLandscapeLeft UIInterfaceOrientationLandscapeRight UIInterfaceOrientationPortrait UIInterfaceOrientationPortraitUpsideDown";
				IPHONEOS_DEPLOYMENT_TARGET = 16.0;
				LD_RUNPATH_SEARCH_PATHS = (
					"$(inherited)",
					"@executable_path/Frameworks",
				);
				MARKETING_VERSION = 1.0;
				PRODUCT_BUNDLE_IDENTIFIER = com.sojinpark.Juple;
				PRODUCT_NAME = "$(TARGET_NAME)";
				SUPPORTED_PLATFORMS = "iphoneos iphonesimulator";
				SUPPORTS_MACCATALYST = NO;
				SUPPORTS_MAC_DESIGNED_FOR_IPHONE_IPAD = NO;
				SWIFT_EMIT_LOC_STRINGS = YES;
				SWIFT_VERSION = 5.0;
				TARGETED_DEVICE_FAMILY = 1;
			};
			name = Release;
		};
/* End XCBuildConfiguration section */

/* Begin XCConfigurationList section */
		23ACC0812BAAD55900AAA5D8 /* Build configuration list for PBXProject "Juple" */ = {
			isa = XCConfigurationList;
			buildConfigurations = (
				23ACC0922BAAD56D00AAA5D8 /* Debug */,
				23ACC0932BAAD56D00AAA5D8 /* Release */,
			);
			defaultConfigurationIsVisible = 0;
			defaultConfigurationName = Release;
		};
		23ACC0942BAAD56D00AAA5D8 /* Build configuration list for PBXNativeTarget "Juple" */ = {
			isa = XCConfigurationList;
			buildConfigurations = (
				23ACC0952BAAD56D00AAA5D8 /* Debug */,
				23ACC0962BAAD56D00AAA5D8 /* Release */,
			);
			defaultConfigurationIsVisible = 0;
			defaultConfigurationName = Release;
		};
/* End XCConfigurationList section */
	};
	rootObject = 23ACC07E2BAAD55900AAA5D8 /* Project object */;
}
